
Microsoft Visual Studio Solution File, Format Version 10.00
# Visual Studio 2008
Project("{FAE04EC0-301F-11D3-BF4B-00C04F79EFBC}") = "Rogue Survivor Still Alive", "Rogue Survivor Still Alive.csproj", "{784ED9B4-3C8A-43BF-B814-3F8190A893DF}"
EndProject
Global
	GlobalSection(SolutionConfigurationPlatforms) = preSolution
		Debug|Any CPU = Debug|Any CPU
		Release|Any CPU = Release|Any CPU
	EndGlobalSection
	GlobalSection(ProjectConfigurationPlatforms) = postSolution
		{784ED9B4-3C8A-43BF-B814-3F8190A893DF}.Debug|Any CPU.ActiveCfg = Debug|Any CPU
		{784ED9B4-3C8A-43BF-B814-3F8190A893DF}.Debug|Any CPU.Build.0 = Debug|Any CPU
		{784ED9B4-3C8A-43BF-B814-3F8190A893DF}.Release|Any CPU.ActiveCfg = Release|Any CPU
		{784ED9B4-3C8A-43BF-B814-3F8190A893DF}.Release|Any CPU.Build.0 = Release|Any CPU
	EndGlobalSection
	GlobalSection(SolutionProperties) = preSolution
		HideSolutionNode = FALSE
	EndGlobalSection
EndGlobal
